
Microsoft Visual Studio Solution File, Format Version 12.00
# Visual Studio Version 16
VisualStudioVersion = 16.0.30717.126
MinimumVisualStudioVersion = 10.0.40219.1
Project("{FAE04EC0-301F-11D3-BF4B-00C04F79EFBC}") = "EntityModel", "EntityModel\EntityModel.csproj", "{60D2E284-55CA-4A8F-B5AA-5C922D3D8783}"
EndProject
Global
	GlobalSection(SolutionConfigurationPlatforms) = preSolution
		Debug|Any CPU = Debug|Any CPU
		Release|Any CPU = Release|Any CPU
	EndGlobalSection
	GlobalSection(ProjectConfigurationPlatforms) = postSolution
		{60D2E284-55CA-4A8F-B5AA-5C922D3D8783}.Debug|Any CPU.ActiveCfg = Debug|Any CPU
		{60D2E284-55CA-4A8F-B5AA-5C922D3D8783}.Debug|Any CPU.Build.0 = Debug|Any CPU
		{60D2E284-55CA-4A8F-B5AA-5C922D3D8783}.Release|Any CPU.ActiveCfg = Release|Any CPU
		{60D2E284-55CA-4A8F-B5AA-5C922D3D8783}.Release|Any CPU.Build.0 = Release|Any CPU
	EndGlobalSection
	GlobalSection(SolutionProperties) = preSolution
		HideSolutionNode = FALSE
	EndGlobalSection
	GlobalSection(ExtensibilityGlobals) = postSolution
		SolutionGuid = {2414D58E-13DC-4A2C-94D8-14F4B7A340D4}
	EndGlobalSection
EndGlobal
